PODS:
  - Locksmith (1.2.1)

DEPENDENCIES:
  - Locksmith (from `/Users/larslockefeer/Projects/Open Source/Locksmith`)

EXTERNAL SOURCES:
  Locksmith:
    :path: "/Users/larslockefeer/Projects/Open Source/Locksmith"

SPEC CHECKSUMS:
  Locksmith: 770f6c5c6e5c5c712d1f00e709c62b8a7240c716

COCOAPODS: 0.37.1
